
Microsoft Visual Studio Solution File, Format Version 12.00
# Visual Studio Version 16
VisualStudioVersion = 16.0.30128.74
MinimumVisualStudioVersion = 10.0.40219.1
Project("{9A19103F-16F7-4668-BE54-9A1E7A4F7556}") = "WebVendas", "WebVendas\WebVendas.csproj", "{CF3BF4DF-BACA-478B-98C6-473A6695B5CF}"
EndProject
Global
	GlobalSection(SolutionConfigurationPlatforms) = preSolution
		Debug|Any CPU = Debug|Any CPU
		Release|Any CPU = Release|Any CPU
	EndGlobalSection
	GlobalSection(ProjectConfigurationPlatforms) = postSolution
		{CF3BF4DF-BACA-478B-98C6-473A6695B5CF}.Debug|Any CPU.ActiveCfg = Debug|Any CPU
		{CF3BF4DF-BACA-478B-98C6-473A6695B5CF}.Debug|Any CPU.Build.0 = Debug|Any CPU
		{CF3BF4DF-BACA-478B-98C6-473A6695B5CF}.Release|Any CPU.ActiveCfg = Release|Any CPU
		{CF3BF4DF-BACA-478B-98C6-473A6695B5CF}.Release|Any CPU.Build.0 = Release|Any CPU
	EndGlobalSection
	GlobalSection(SolutionProperties) = preSolution
		HideSolutionNode = FALSE
	EndGlobalSection
	GlobalSection(ExtensibilityGlobals) = postSolution
		SolutionGuid = {CFE914E2-50C4-45F7-A20C-459F99D45C40}
	EndGlobalSection
EndGlobal
